// !$*UTF8*$!
{
	archiveVersion = 1;
	classes = {
	};
	objectVersion = 55;
	objects = {

/* Begin PBXBuildFile section */
		C270117B27BE9B7500BEAF19 /* AppDelegate.swift in Sources */ = {isa = PBXBuildFile; fileRef = C270117A27BE9B7500BEAF19 /* AppDelegate.swift */; };
		C270117D27BE9B7500BEAF19 /* SceneDelegate.swift in Sources */ = {isa = PBXBuildFile; fileRef = C270117C27BE9B7500BEAF19 /* SceneDelegate.swift */; };
		C270118427BE9B7600BEAF19 /* Assets.xcassets in Resources */ = {isa = PBXBuildFile; fileRef = C270118327BE9B7600BEAF19 /* Assets.xcassets */; };
		C270118727BE9B7600BEAF19 /* LaunchScreen.storyboard in Resources */ = {isa = PBXBuildFile; fileRef = C270118527BE9B7600BEAF19 /* LaunchScreen.storyboard */; };
		C270118F27BE9C0400BEAF19 /* MainTabBarViewController.swift in Sources */ = {isa = PBXBuildFile; fileRef = C270118E27BE9C0400BEAF19 /* MainTabBarViewController.swift */; };
		C270119127BE9C1900BEAF19 /* HomeViewController.swift in Sources */ = {isa = PBXBuildFile; fileRef = C270119027BE9C1900BEAF19 /* HomeViewController.swift */; };
		C270119327BE9C2400BEAF19 /* UpcomingViewController.swift in Sources */ = {isa = PBXBuildFile; fileRef = C270119227BE9C2400BEAF19 /* UpcomingViewController.swift */; };
		C270119527BE9C3100BEAF19 /* SearchViewController.swift in Sources */ = {isa = PBXBuildFile; fileRef = C270119427BE9C3100BEAF19 /* SearchViewController.swift */; };
		C270119727BE9C3F00BEAF19 /* DownloadsViewController.swift in Sources */ = {isa = PBXBuildFile; fileRef = C270119627BE9C3F00BEAF19 /* DownloadsViewController.swift */; };
		C270119927BE9C6E00BEAF19 /* APICaller.swift in Sources */ = {isa = PBXBuildFile; fileRef = C270119827BE9C6E00BEAF19 /* APICaller.swift */; };
		C270119B27BE9C8800BEAF19 /* Extensions.swift in Sources */ = {isa = PBXBuildFile; fileRef = C270119A27BE9C8800BEAF19 /* Extensions.swift */; };
		C270119D27BE9C9A00BEAF19 /* Title.swift in Sources */ = {isa = PBXBuildFile; fileRef = C270119C27BE9C9A00BEAF19 /* Title.swift */; };
		C270119F27BE9CAF00BEAF19 /* TitleViewModel.swift in Sources */ = {isa = PBXBuildFile; fileRef = C270119E27BE9CAF00BEAF19 /* TitleViewModel.swift */; };
		C27011A127BE9D2000BEAF19 /* SearchResultViewController.swift in Sources */ = {isa = PBXBuildFile; fileRef = C27011A027BE9D2000BEAF19 /* SearchResultViewController.swift */; };
		C27011A327BE9D4000BEAF19 /* CollectionViewTableViewCell.swift in Sources */ = {isa = PBXBuildFile; fileRef = C27011A227BE9D4000BEAF19 /* CollectionViewTableViewCell.swift */; };
		C27011A527BE9D6400BEAF19 /* HeroHeaderUIView.swift in Sources */ = {isa = PBXBuildFile; fileRef = C27011A427BE9D6400BEAF19 /* HeroHeaderUIView.swift */; };
		C27011A727BE9D8300BEAF19 /* TitleCollectionViewCell.swift in Sources */ = {isa = PBXBuildFile; fileRef = C27011A627BE9D8300BEAF19 /* TitleCollectionViewCell.swift */; };
		C27011AA27BE9DA400BEAF19 /* SDWebImage in Frameworks */ = {isa = PBXBuildFile; productRef = C27011A927BE9DA400BEAF19 /* SDWebImage */; };
		C27011AC27BE9DA400BEAF19 /* SDWebImageMapKit in Frameworks */ = {isa = PBXBuildFile; productRef = C27011AB27BE9DA400BEAF19 /* SDWebImageMapKit */; };
		C27011AE27BE9DC200BEAF19 /* TitleTableViewCell.swift in Sources */ = {isa = PBXBuildFile; fileRef = C27011AD27BE9DC200BEAF19 /* TitleTableViewCell.swift */; };
		C27011B027BEA18200BEAF19 /* YoutubeSearchResponse.swift in Sources */ = {isa = PBXBuildFile; fileRef = C27011AF27BEA18200BEAF19 /* YoutubeSearchResponse.swift */; };
		C27011B227BEA3C900BEAF19 /* TitlePreviewViewController.swift in Sources */ = {isa = PBXBuildFile; fileRef = C27011B127BEA3C900BEAF19 /* TitlePreviewViewController.swift */; };
		C27011B427BEA65900BEAF19 /* TitlePreviewViewModel.swift in Sources */ = {isa = PBXBuildFile; fileRef = C27011B327BEA65900BEAF19 /* TitlePreviewViewModel.swift */; };
		C27011DA27BF483200BEAF19 /* MovieAppModel.xcdatamodeld in Sources */ = {isa = PBXBuildFile; fileRef = C27011D827BF483200BEAF19 /* MovieAppModel.xcdatamodeld */; };
		C27011DC27BF4A2D00BEAF19 /* DataPersistenceManager.swift in Sources */ = {isa = PBXBuildFile; fileRef = C27011DB27BF4A2D00BEAF19 /* DataPersistenceManager.swift */; };
/* End PBXBuildFile section */

/* Begin PBXFileReference section */
		C270117727BE9B7500BEAF19 /* MovieApp.app */ = {isa = PBXFileReference; explicitFileType = wrapper.application; includeInIndex = 0; path = MovieApp.app; sourceTree = BUILT_PRODUCTS_DIR; };
		C270117A27BE9B7500BEAF19 /* AppDelegate.swift */ = {isa = PBXFileReference; lastKnownFileType = sourcecode.swift; path = AppDelegate.swift; sourceTree = "<group>"; };
		C270117C27BE9B7500BEAF19 /* SceneDelegate.swift */ = {isa = PBXFileReference; lastKnownFileType = sourcecode.swift; path = SceneDelegate.swift; sourceTree = "<group>"; };
		C270118327BE9B7600BEAF19 /* Assets.xcassets */ = {isa = PBXFileReference; lastKnownFileType = folder.assetcatalog; path = Assets.xcassets; sourceTree = "<group>"; };
		C270118627BE9B7600BEAF19 /* Base */ = {isa = PBXFileReference; lastKnownFileType = file.storyboard; name = Base; path = Base.lproj/LaunchScreen.storyboard; sourceTree = "<group>"; };
		C270118827BE9B7600BEAF19 /* Info.plist */ = {isa = PBXFileReference; lastKnownFileType = text.plist.xml; path = Info.plist; sourceTree = "<group>"; };
		C270118E27BE9C0400BEAF19 /* MainTabBarViewController.swift */ = {isa = PBXFileReference; lastKnownFileType = sourcecode.swift; path = MainTabBarViewController.swift; sourceTree = "<group>"; };
		C270119027BE9C1900BEAF19 /* HomeViewController.swift */ = {isa = PBXFileReference; lastKnownFileType = sourcecode.swift; path = HomeViewController.swift; sourceTree = "<group>"; };
		C270119227BE9C2400BEAF19 /* UpcomingViewController.swift */ = {isa = PBXFileReference; lastKnownFileType = sourcecode.swift; path = UpcomingViewController.swift; sourceTree = "<group>"; };
		C270119427BE9C3100BEAF19 /* SearchViewController.swift */ = {isa = PBXFileReference; lastKnownFileType = sourcecode.swift; path = SearchViewController.swift; sourceTree = "<group>"; };
		C270119627BE9C3F00BEAF19 /* DownloadsViewController.swift */ = {isa = PBXFileReference; lastKnownFileType = sourcecode.swift; path = DownloadsViewController.swift; sourceTree = "<group>"; };
		C270119827BE9C6E00BEAF19 /* APICaller.swift */ = {isa = PBXFileReference; lastKnownFileType = sourcecode.swift; path = APICaller.swift; sourceTree = "<group>"; };
		C270119A27BE9C8800BEAF19 /* Extensions.swift */ = {isa = PBXFileReference; lastKnownFileType = sourcecode.swift; path = Extensions.swift; sourceTree = "<group>"; };
		C270119C27BE9C9A00BEAF19 /* Title.swift */ = {isa = PBXFileReference; lastKnownFileType = sourcecode.swift; path = Title.swift; sourceTree = "<group>"; };
		C270119E27BE9CAF00BEAF19 /* TitleViewModel.swift */ = {isa = PBXFileReference; lastKnownFileType = sourcecode.swift; path = TitleViewModel.swift; sourceTree = "<group>"; };
		C27011A027BE9D2000BEAF19 /* SearchResultViewController.swift */ = {isa = PBXFileReference; lastKnownFileType = sourcecode.swift; path = SearchResultViewController.swift; sourceTree = "<group>"; };
		C27011A227BE9D4000BEAF19 /* CollectionViewTableViewCell.swift */ = {isa = PBXFileReference; lastKnownFileType = sourcecode.swift; path = CollectionViewTableViewCell.swift; sourceTree = "<group>"; };
		C27011A427BE9D6400BEAF19 /* HeroHeaderUIView.swift */ = {isa = PBXFileReference; lastKnownFileType = sourcecode.swift; path = HeroHeaderUIView.swift; sourceTree = "<group>"; };
		C27011A627BE9D8300BEAF19 /* TitleCollectionViewCell.swift */ = {isa = PBXFileReference; lastKnownFileType = sourcecode.swift; path = TitleCollectionViewCell.swift; sourceTree = "<group>"; };
		C27011AD27BE9DC200BEAF19 /* TitleTableViewCell.swift */ = {isa = PBXFileReference; lastKnownFileType = sourcecode.swift; path = TitleTableViewCell.swift; sourceTree = "<group>"; };
		C27011AF27BEA18200BEAF19 /* YoutubeSearchResponse.swift */ = {isa = PBXFileReference; lastKnownFileType = sourcecode.swift; path = YoutubeSearchResponse.swift; sourceTree = "<group>"; };
		C27011B127BEA3C900BEAF19 /* TitlePreviewViewController.swift */ = {isa = PBXFileReference; lastKnownFileType = sourcecode.swift; path = TitlePreviewViewController.swift; sourceTree = "<group>"; };
		C27011B327BEA65900BEAF19 /* TitlePreviewViewModel.swift */ = {isa = PBXFileReference; lastKnownFileType = sourcecode.swift; path = TitlePreviewViewModel.swift; sourceTree = "<group>"; };
		C27011D927BF483200BEAF19 /* MovieAppModel.xcdatamodel */ = {isa = PBXFileReference; lastKnownFileType = wrapper.xcdatamodel; path = MovieAppModel.xcdatamodel; sourceTree = "<group>"; };
		C27011DB27BF4A2D00BEAF19 /* DataPersistenceManager.swift */ = {isa = PBXFileReference; lastKnownFileType = sourcecode.swift; path = DataPersistenceManager.swift; sourceTree = "<group>"; };
/* End PBXFileReference section */

/* Begin PBXFrameworksBuildPhase section */
		C270117427BE9B7500BEAF19 /* Frameworks */ = {
			isa = PBXFrameworksBuildPhase;
			buildActionMask = 2147483647;
			files = (
				C27011AC27BE9DA400BEAF19 /* SDWebImageMapKit in Frameworks */,
				C27011AA27BE9DA400BEAF19 /* SDWebImage in Frameworks */,
			);
			runOnlyForDeploymentPostprocessing = 0;
		};
/* End PBXFrameworksBuildPhase section */

/* Begin PBXGroup section */
		C270116E27BE9B7500BEAF19 = {
			isa = PBXGroup;
			children = (
				C270117927BE9B7500BEAF19 /* MovieApp */,
				C270117827BE9B7500BEAF19 /* Products */,
			);
			sourceTree = "<group>";
		};
		C270117827BE9B7500BEAF19 /* Products */ = {
			isa = PBXGroup;
			children = (
				C270117727BE9B7500BEAF19 /* MovieApp.app */,
			);
			name = Products;
			sourceTree = "<group>";
		};
		C270117927BE9B7500BEAF19 /* MovieApp */ = {
			isa = PBXGroup;
			children = (
				C27011E627BF539D00BEAF19 /* Cell */,
				C27011E527BF538700BEAF19 /* DB */,
				C27011E427BF537C00BEAF19 /* Response */,
				C27011E327BF536D00BEAF19 /* Header */,
				C27011DD27BF52F600BEAF19 /* Main */,
				C27011E227BF534B00BEAF19 /* Child */,
				C27011E127BF533700BEAF19 /* ViewModel */,
				C27011E027BF532E00BEAF19 /* Extensions */,
				C27011DF27BF532300BEAF19 /* API */,
				C27011DE27BF531300BEAF19 /* Model */,
				C270117A27BE9B7500BEAF19 /* AppDelegate.swift */,
				C270117C27BE9B7500BEAF19 /* SceneDelegate.swift */,
				C270118327BE9B7600BEAF19 /* Assets.xcassets */,
				C270118527BE9B7600BEAF19 /* LaunchScreen.storyboard */,
				C270118827BE9B7600BEAF19 /* Info.plist */,
				C27011D827BF483200BEAF19 /* MovieAppModel.xcdatamodeld */,
			);
			path = MovieApp;
			sourceTree = "<group>";
		};
		C27011DD27BF52F600BEAF19 /* Main */ = {
			isa = PBXGroup;
			children = (
				C270118E27BE9C0400BEAF19 /* MainTabBarViewController.swift */,
				C270119027BE9C1900BEAF19 /* HomeViewController.swift */,
				C270119227BE9C2400BEAF19 /* UpcomingViewController.swift */,
				C270119427BE9C3100BEAF19 /* SearchViewController.swift */,
				C270119627BE9C3F00BEAF19 /* DownloadsViewController.swift */,
			);
			path = Main;
			sourceTree = "<group>";
		};
		C27011DE27BF531300BEAF19 /* Model */ = {
			isa = PBXGroup;
			children = (
				C270119C27BE9C9A00BEAF19 /* Title.swift */,
			);
			path = Model;
			sourceTree = "<group>";
		};
		C27011DF27BF532300BEAF19 /* API */ = {
			isa = PBXGroup;
			children = (
				C270119827BE9C6E00BEAF19 /* APICaller.swift */,
			);
			path = API;
			sourceTree = "<group>";
		};
		C27011E027BF532E00BEAF19 /* Extensions */ = {
			isa = PBXGroup;
			children = (
				C270119A27BE9C8800BEAF19 /* Extensions.swift */,
			);
			path = Extensions;
			sourceTree = "<group>";
		};
		C27011E127BF533700BEAF19 /* ViewModel */ = {
			isa = PBXGroup;
			children = (
				C27011B327BEA65900BEAF19 /* TitlePreviewViewModel.swift */,
				C270119E27BE9CAF00BEAF19 /* TitleViewModel.swift */,
			);
			path = ViewModel;
			sourceTree = "<group>";
		};
		C27011E227BF534B00BEAF19 /* Child */ = {
			isa = PBXGroup;
			children = (
				C27011B127BEA3C900BEAF19 /* TitlePreviewViewController.swift */,
				C27011A027BE9D2000BEAF19 /* SearchResultViewController.swift */,
			);
			path = Child;
			sourceTree = "<group>";
		};
		C27011E327BF536D00BEAF19 /* Header */ = {
			isa = PBXGroup;
			children = (
				C27011A427BE9D6400BEAF19 /* HeroHeaderUIView.swift */,
			);
			path = Header;
			sourceTree = "<group>";
		};
		C27011E427BF537C00BEAF19 /* Response */ = {
			isa = PBXGroup;
			children = (
				C27011AF27BEA18200BEAF19 /* YoutubeSearchResponse.swift */,
			);
			path = Response;
			sourceTree = "<group>";
		};
		C27011E527BF538700BEAF19 /* DB */ = {
			isa = PBXGroup;
			children = (
				C27011DB27BF4A2D00BEAF19 /* DataPersistenceManager.swift */,
			);
			path = DB;
			sourceTree = "<group>";
		};
		C27011E627BF539D00BEAF19 /* Cell */ = {
			isa = PBXGroup;
			children = (
				C27011A227BE9D4000BEAF19 /* CollectionViewTableViewCell.swift */,
				C27011A627BE9D8300BEAF19 /* TitleCollectionViewCell.swift */,
				C27011AD27BE9DC200BEAF19 /* TitleTableViewCell.swift */,
			);
			path = Cell;
			sourceTree = "<group>";
		};
/* End PBXGroup section */

/* Begin PBXNativeTarget section */
		C270117627BE9B7500BEAF19 /* MovieApp */ = {
			isa = PBXNativeTarget;
			buildConfigurationList = C270118B27BE9B7600BEAF19 /* Build configuration list for PBXNativeTarget "MovieApp" */;
			buildPhases = (
				C270117327BE9B7500BEAF19 /* Sources */,
				C270117427BE9B7500BEAF19 /* Frameworks */,
				C270117527BE9B7500BEAF19 /* Resources */,
			);
			buildRules = (
			);
			dependencies = (
			);
			name = MovieApp;
			packageProductDependencies = (
				C27011A927BE9DA400BEAF19 /* SDWebImage */,
				C27011AB27BE9DA400BEAF19 /* SDWebImageMapKit */,
			);
			productName = MovieApp;
			productReference = C270117727BE9B7500BEAF19 /* MovieApp.app */;
			productType = "com.apple.product-type.application";
		};
/* End PBXNativeTarget section */

/* Begin PBXProject section */
		C270116F27BE9B7500BEAF19 /* Project object */ = {
			isa = PBXProject;
			attributes = {
				BuildIndependentTargetsInParallel = 1;
				LastSwiftUpdateCheck = 1320;
				LastUpgradeCheck = 1320;
				TargetAttributes = {
					C270117627BE9B7500BEAF19 = {
						CreatedOnToolsVersion = 13.2.1;
					};
				};
			};
			buildConfigurationList = C270117227BE9B7500BEAF19 /* Build configuration list for PBXProject "MovieApp" */;
			compatibilityVersion = "Xcode 13.0";
			developmentRegion = en;
			hasScannedForEncodings = 0;
			knownRegions = (
				en,
				Base,
			);
			mainGroup = C270116E27BE9B7500BEAF19;
			packageReferences = (
				C27011A827BE9DA400BEAF19 /* XCRemoteSwiftPackageReference "SDWebImage" */,
			);
			productRefGroup = C270117827BE9B7500BEAF19 /* Products */;
			projectDirPath = "";
			projectRoot = "";
			targets = (
				C270117627BE9B7500BEAF19 /* MovieApp */,
			);
		};
/* End PBXProject section */

/* Begin PBXResourcesBuildPhase section */
		C270117527BE9B7500BEAF19 /* Resources */ = {
			isa = PBXResourcesBuildPhase;
			buildActionMask = 2147483647;
			files = (
				C270118727BE9B7600BEAF19 /* LaunchScreen.storyboard in Resources */,
				C270118427BE9B7600BEAF19 /* Assets.xcassets in Resources */,
			);
			runOnlyForDeploymentPostprocessing = 0;
		};
/* End PBXResourcesBuildPhase section */

/* Begin PBXSourcesBuildPhase section */
		C270117327BE9B7500BEAF19 /* Sources */ = {
			isa = PBXSourcesBuildPhase;
			buildActionMask = 2147483647;
			files = (
				C270119D27BE9C9A00BEAF19 /* Title.swift in Sources */,
				C270119527BE9C3100BEAF19 /* SearchViewController.swift in Sources */,
				C270119B27BE9C8800BEAF19 /* Extensions.swift in Sources */,
				C27011DC27BF4A2D00BEAF19 /* DataPersistenceManager.swift in Sources */,
				C27011A527BE9D6400BEAF19 /* HeroHeaderUIView.swift in Sources */,
				C27011DA27BF483200BEAF19 /* MovieAppModel.xcdatamodeld in Sources */,
				C270118F27BE9C0400BEAF19 /* MainTabBarViewController.swift in Sources */,
				C270119727BE9C3F00BEAF19 /* DownloadsViewController.swift in Sources */,
				C27011A327BE9D4000BEAF19 /* CollectionViewTableViewCell.swift in Sources */,
				C270117B27BE9B7500BEAF19 /* AppDelegate.swift in Sources */,
				C27011AE27BE9DC200BEAF19 /* TitleTableViewCell.swift in Sources */,
				C270117D27BE9B7500BEAF19 /* SceneDelegate.swift in Sources */,
				C270119327BE9C2400BEAF19 /* UpcomingViewController.swift in Sources */,
				C27011B027BEA18200BEAF19 /* YoutubeSearchResponse.swift in Sources */,
				C270119127BE9C1900BEAF19 /* HomeViewController.swift in Sources */,
				C27011B427BEA65900BEAF19 /* TitlePreviewViewModel.swift in Sources */,
				C270119927BE9C6E00BEAF19 /* APICaller.swift in Sources */,
				C27011B227BEA3C900BEAF19 /* TitlePreviewViewController.swift in Sources */,
				C27011A727BE9D8300BEAF19 /* TitleCollectionViewCell.swift in Sources */,
				C27011A127BE9D2000BEAF19 /* SearchResultViewController.swift in Sources */,
				C270119F27BE9CAF00BEAF19 /* TitleViewModel.swift in Sources */,
			);
			runOnlyForDeploymentPostprocessing = 0;
		};
/* End PBXSourcesBuildPhase section */

/* Begin PBXVariantGroup section */
		C270118527BE9B7600BEAF19 /* LaunchScreen.storyboard */ = {
			isa = PBXVariantGroup;
			children = (
				C270118627BE9B7600BEAF19 /* Base */,
			);
			name = LaunchScreen.storyboard;
			sourceTree = "<group>";
		};
/* End PBXVariantGroup section */

/* Begin XCBuildConfiguration section */
		C270118927BE9B7600BEAF19 /* Debug */ = {
			isa = XCBuildConfiguration;
			buildSettings = {
				ALWAYS_SEARCH_USER_PATHS = NO;
				CLANG_ANALYZER_NONNULL = YES;
				CLANG_ANALYZER_NUMBER_OBJECT_CONVERSION = YES_AGGRESSIVE;
				CLANG_CXX_LANGUAGE_STANDARD = "gnu++17";
				CLANG_CXX_LIBRARY = "libc++";
				CLANG_ENABLE_MODULES = YES;
				CLANG_ENABLE_OBJC_ARC = YES;
				CLANG_ENABLE_OBJC_WEAK = YES;
				CLANG_WARN_BLOCK_CAPTURE_AUTORELEASING = YES;
				CLANG_WARN_BOOL_CONVERSION = YES;
				CLANG_WARN_COMMA = YES;
				CLANG_WARN_CONSTANT_CONVERSION = YES;
				CLANG_WARN_DEPRECATED_OBJC_IMPLEMENTATIONS = YES;
				CLANG_WARN_DIRECT_OBJC_ISA_USAGE = YES_ERROR;
				CLANG_WARN_DOCUMENTATION_COMMENTS = YES;
				CLANG_WARN_EMPTY_BODY = YES;
				CLANG_WARN_ENUM_CONVERSION = YES;
				CLANG_WARN_INFINITE_RECURSION = YES;
				CLANG_WARN_INT_CONVERSION = YES;
				CLANG_WARN_NON_LITERAL_NULL_CONVERSION = YES;
				CLANG_WARN_OBJC_IMPLICIT_RETAIN_SELF = YES;
				CLANG_WARN_OBJC_LITERAL_CONVERSION = YES;
				CLANG_WARN_OBJC_ROOT_CLASS = YES_ERROR;
				CLANG_WARN_QUOTED_INCLUDE_IN_FRAMEWORK_HEADER = YES;
				CLANG_WARN_RANGE_LOOP_ANALYSIS = YES;
				CLANG_WARN_STRICT_PROTOTYPES = YES;
				CLANG_WARN_SUSPICIOUS_MOVE = YES;
				CLANG_WARN_UNGUARDED_AVAILABILITY = YES_AGGRESSIVE;
				CLANG_WARN_UNREACHABLE_CODE = YES;
				CLANG_WARN__DUPLICATE_METHOD_MATCH = YES;
				COPY_PHASE_STRIP = NO;
				DEBUG_INFORMATION_FORMAT = dwarf;
				ENABLE_STRICT_OBJC_MSGSEND = YES;
				ENABLE_TESTABILITY = YES;
				GCC_C_LANGUAGE_STANDARD = gnu11;
				GCC_DYNAMIC_NO_PIC = NO;
				GCC_NO_COMMON_BLOCKS = YES;
				GCC_OPTIMIZATION_LEVEL = 0;
				GCC_PREPROCESSOR_DEFINITIONS = (
					"DEBUG=1",
					"$(inherited)",
				);
				GCC_WARN_64_TO_32_BIT_CONVERSION = YES;
				GCC_WARN_ABOUT_RETURN_TYPE = YES_ERROR;
				GCC_WARN_UNDECLARED_SELECTOR = YES;
				GCC_WARN_UNINITIALIZED_AUTOS = YES_AGGRESSIVE;
				GCC_WARN_UNUSED_FUNCTION = YES;
				GCC_WARN_UNUSED_VARIABLE = YES;
				IPHONEOS_DEPLOYMENT_TARGET = 15.2;
				MTL_ENABLE_DEBUG_INFO = INCLUDE_SOURCE;
				MTL_FAST_MATH = YES;
				ONLY_ACTIVE_ARCH = YES;
				SDKROOT = iphoneos;
				SWIFT_ACTIVE_COMPILATION_CONDITIONS = DEBUG;
				SWIFT_OPTIMIZATION_LEVEL = "-Onone";
			};
			name = Debug;
		};
		C270118A27BE9B7600BEAF19 /* Release */ = {
			isa = XCBuildConfiguration;
			buildSettings = {
				ALWAYS_SEARCH_USER_PATHS = NO;
				CLANG_ANALYZER_NONNULL = YES;
				CLANG_ANALYZER_NUMBER_OBJECT_CONVERSION = YES_AGGRESSIVE;
				CLANG_CXX_LANGUAGE_STANDARD = "gnu++17";
				CLANG_CXX_LIBRARY = "libc++";
				CLANG_ENABLE_MODULES = YES;
				CLANG_ENABLE_OBJC_ARC = YES;
				CLANG_ENABLE_OBJC_WEAK = YES;
				CLANG_WARN_BLOCK_CAPTURE_AUTORELEASING = YES;
				CLANG_WARN_BOOL_CONVERSION = YES;
				CLANG_WARN_COMMA = YES;
				CLANG_WARN_CONSTANT_CONVERSION = YES;
				CLANG_WARN_DEPRECATED_OBJC_IMPLEMENTATIONS = YES;
				CLANG_WARN_DIRECT_OBJC_ISA_USAGE = YES_ERROR;
				CLANG_WARN_DOCUMENTATION_COMMENTS = YES;
				CLANG_WARN_EMPTY_BODY = YES;
				CLANG_WARN_ENUM_CONVERSION = YES;
				CLANG_WARN_INFINITE_RECURSION = YES;
				CLANG_WARN_INT_CONVERSION = YES;
				CLANG_WARN_NON_LITERAL_NULL_CONVERSION = YES;
				CLANG_WARN_OBJC_IMPLICIT_RETAIN_SELF = YES;
				CLANG_WARN_OBJC_LITERAL_CONVERSION = YES;
				CLANG_WARN_OBJC_ROOT_CLASS = YES_ERROR;
				CLANG_WARN_QUOTED_INCLUDE_IN_FRAMEWORK_HEADER = YES;
				CLANG_WARN_RANGE_LOOP_ANALYSIS = YES;
				CLANG_WARN_STRICT_PROTOTYPES = YES;
				CLANG_WARN_SUSPICIOUS_MOVE = YES;
				CLANG_WARN_UNGUARDED_AVAILABILITY = YES_AGGRESSIVE;
				CLANG_WARN_UNREACHABLE_CODE = YES;
				CLANG_WARN__DUPLICATE_METHOD_MATCH = YES;
				COPY_PHASE_STRIP = NO;
				DEBUG_INFORMATION_FORMAT = "dwarf-with-dsym";
				ENABLE_NS_ASSERTIONS = NO;
				ENABLE_STRICT_OBJC_MSGSEND = YES;
				GCC_C_LANGUAGE_STANDARD = gnu11;
				GCC_NO_COMMON_BLOCKS = YES;
				GCC_WARN_64_TO_32_BIT_CONVERSION = YES;
				GCC_WARN_ABOUT_RETURN_TYPE = YES_ERROR;
				GCC_WARN_UNDECLARED_SELECTOR = YES;
				GCC_WARN_UNINITIALIZED_AUTOS = YES_AGGRESSIVE;
				GCC_WARN_UNUSED_FUNCTION = YES;
				GCC_WARN_UNUSED_VARIABLE = YES;
				IPHONEOS_DEPLOYMENT_TARGET = 15.2;
				MTL_ENABLE_DEBUG_INFO = NO;
				MTL_FAST_MATH = YES;
				SDKROOT = iphoneos;
				SWIFT_COMPILATION_MODE = wholemodule;
				SWIFT_OPTIMIZATION_LEVEL = "-O";
				VALIDATE_PRODUCT = YES;
			};
			name = Release;
		};
		C270118C27BE9B7600BEAF19 /* Debug */ = {
			isa = XCBuildConfiguration;
			buildSettings = {
				ASSETCATALOG_COMPILER_APPICON_NAME = AppIcon;
				ASSETCATALOG_COMPILER_GLOBAL_ACCENT_COLOR_NAME = AccentColor;
				CODE_SIGN_STYLE = Automatic;
				CURRENT_PROJECT_VERSION = 1;
				DEVELOPMENT_TEAM = WLF43H5K2J;
				GENERATE_INFOPLIST_FILE = YES;
				INFOPLIST_FILE = MovieApp/Info.plist;
				INFOPLIST_KEY_UIApplicationSupportsIndirectInputEvents = YES;
				INFOPLIST_KEY_UILaunchStoryboardName = LaunchScreen;
				INFOPLIST_KEY_UISupportedInterfaceOrientations_iPad = "UIInterfaceOrientationPortrait UIInterfaceOrientationPortraitUpsideDown UIInterfaceOrientationLandscapeLeft UIInterfaceOrientationLandscapeRight";
				INFOPLIST_KEY_UISupportedInterfaceOrientations_iPhone = "UIInterfaceOrientationPortrait UIInterfaceOrientationLandscapeLeft UIInterfaceOrientationLandscapeRight";
				LD_RUNPATH_SEARCH_PATHS = (
					"$(inherited)",
					"@executable_path/Frameworks",
				);
				MARKETING_VERSION = 1.0;
				PRODUCT_BUNDLE_IDENTIFIER = rostadhi.MovieApp;
				PRODUCT_NAME = "$(TARGET_NAME)";
				SWIFT_EMIT_LOC_STRINGS = YES;
				SWIFT_VERSION = 5.0;
				TARGETED_DEVICE_FAMILY = "1,2";
			};
			name = Debug;
		};
		C270118D27BE9B7600BEAF19 /* Release */ = {
			isa = XCBuildConfiguration;
			buildSettings = {
				ASSETCATALOG_COMPILER_APPICON_NAME = AppIcon;
				ASSETCATALOG_COMPILER_GLOBAL_ACCENT_COLOR_NAME = AccentColor;
				CODE_SIGN_STYLE = Automatic;
				CURRENT_PROJECT_VERSION = 1;
				DEVELOPMENT_TEAM = WLF43H5K2J;
				GENERATE_INFOPLIST_FILE = YES;
				INFOPLIST_FILE = MovieApp/Info.plist;
				INFOPLIST_KEY_UIApplicationSupportsIndirectInputEvents = YES;
				INFOPLIST_KEY_UILaunchStoryboardName = LaunchScreen;
				INFOPLIST_KEY_UISupportedInterfaceOrientations_iPad = "UIInterfaceOrientationPortrait UIInterfaceOrientationPortraitUpsideDown UIInterfaceOrientationLandscapeLeft UIInterfaceOrientationLandscapeRight";
				INFOPLIST_KEY_UISupportedInterfaceOrientations_iPhone = "UIInterfaceOrientationPortrait UIInterfaceOrientationLandscapeLeft UIInterfaceOrientationLandscapeRight";
				LD_RUNPATH_SEARCH_PATHS = (
					"$(inherited)",
					"@executable_path/Frameworks",
				);
				MARKETING_VERSION = 1.0;
				PRODUCT_BUNDLE_IDENTIFIER = rostadhi.MovieApp;
				PRODUCT_NAME = "$(TARGET_NAME)";
				SWIFT_EMIT_LOC_STRINGS = YES;
				SWIFT_VERSION = 5.0;
				TARGETED_DEVICE_FAMILY = "1,2";
			};
			name = Release;
		};
/* End XCBuildConfiguration section */

/* Begin XCConfigurationList section */
		C270117227BE9B7500BEAF19 /* Build configuration list for PBXProject "MovieApp" */ = {
			isa = XCConfigurationList;
			buildConfigurations = (
				C270118927BE9B7600BEAF19 /* Debug */,
				C270118A27BE9B7600BEAF19 /* Release */,
			);
			defaultConfigurationIsVisible = 0;
			defaultConfigurationName = Release;
		};
		C270118B27BE9B7600BEAF19 /* Build configuration list for PBXNativeTarget "MovieApp" */ = {
			isa = XCConfigurationList;
			buildConfigurations = (
				C270118C27BE9B7600BEAF19 /* Debug */,
				C270118D27BE9B7600BEAF19 /* Release */,
			);
			defaultConfigurationIsVisible = 0;
			defaultConfigurationName = Release;
		};
/* End XCConfigurationList section */

/* Begin XCRemoteSwiftPackageReference section */
		C27011A827BE9DA400BEAF19 /* XCRemoteSwiftPackageReference "SDWebImage" */ = {
			isa = XCRemoteSwiftPackageReference;
			repositoryURL = "https://github.com/SDWebImage/SDWebImage.git";
			requirement = {
				branch = master;
				kind = branch;
			};
		};
/* End XCRemoteSwiftPackageReference section */

/* Begin XCSwiftPackageProductDependency section */
		C27011A927BE9DA400BEAF19 /* SDWebImage */ = {
			isa = XCSwiftPackageProductDependency;
			package = C27011A827BE9DA400BEAF19 /* XCRemoteSwiftPackageReference "SDWebImage" */;
			productName = SDWebImage;
		};
		C27011AB27BE9DA400BEAF19 /* SDWebImageMapKit */ = {
			isa = XCSwiftPackageProductDependency;
			package = C27011A827BE9DA400BEAF19 /* XCRemoteSwiftPackageReference "SDWebImage" */;
			productName = SDWebImageMapKit;
		};
/* End XCSwiftPackageProductDependency section */

/* Begin XCVersionGroup section */
		C27011D827BF483200BEAF19 /* MovieAppModel.xcdatamodeld */ = {
			isa = XCVersionGroup;
			children = (
				C27011D927BF483200BEAF19 /* MovieAppModel.xcdatamodel */,
			);
			currentVersion = C27011D927BF483200BEAF19 /* MovieAppModel.xcdatamodel */;
			path = MovieAppModel.xcdatamodeld;
			sourceTree = "<group>";
			versionGroupType = wrapper.xcdatamodel;
		};
/* End XCVersionGroup section */
	};
	rootObject = C270116F27BE9B7500BEAF19 /* Project object */;
}
